
Microsoft Visual Studio Solution File, Format Version 12.00
# Visual Studio Version 17
VisualStudioVersion = 17.10.35027.167
MinimumVisualStudioVersion = 10.0.40219.1
Project("{FAE04EC0-301F-11D3-BF4B-00C04F79EFBC}") = "EnigmaShopApi", "EnigmaShopApi\EnigmaShopApi.csproj", "{52DA82E3-50FF-4758-91C6-1F2F789CBFA3}"
EndProject
Global
	GlobalSection(SolutionConfigurationPlatforms) = preSolution
		Debug|Any CPU = Debug|Any CPU
		Release|Any CPU = Release|Any CPU
	EndGlobalSection
	GlobalSection(ProjectConfigurationPlatforms) = postSolution
		{52DA82E3-50FF-4758-91C6-1F2F789CBFA3}.Debug|Any CPU.ActiveCfg = Debug|Any CPU
		{52DA82E3-50FF-4758-91C6-1F2F789CBFA3}.Debug|Any CPU.Build.0 = Debug|Any CPU
		{52DA82E3-50FF-4758-91C6-1F2F789CBFA3}.Release|Any CPU.ActiveCfg = Release|Any CPU
		{52DA82E3-50FF-4758-91C6-1F2F789CBFA3}.Release|Any CPU.Build.0 = Release|Any CPU
	EndGlobalSection
	GlobalSection(SolutionProperties) = preSolution
		HideSolutionNode = FALSE
	EndGlobalSection
	GlobalSection(ExtensibilityGlobals) = postSolution
		SolutionGuid = {EFD2C7B3-3D9C-4A99-91D3-2CB6C18A20D9}
	EndGlobalSection
EndGlobal
